
Microsoft Visual Studio Solution File, Format Version 12.00
# Visual Studio Version 17
VisualStudioVersion = 17.7.34031.279
MinimumVisualStudioVersion = 10.0.40219.1
Project("{FAE04EC0-301F-11D3-BF4B-00C04F79EFBC}") = "homework", "homework\homework.csproj", "{17CBB864-C87E-4D12-9099-3CE2600161E5}"
EndProject
Global
	GlobalSection(SolutionConfigurationPlatforms) = preSolution
		Debug|Any CPU = Debug|Any CPU
		Release|Any CPU = Release|Any CPU
	EndGlobalSection
	GlobalSection(ProjectConfigurationPlatforms) = postSolution
		{17CBB864-C87E-4D12-9099-3CE2600161E5}.Debug|Any CPU.ActiveCfg = Debug|Any CPU
		{17CBB864-C87E-4D12-9099-3CE2600161E5}.Debug|Any CPU.Build.0 = Debug|Any CPU
		{17CBB864-C87E-4D12-9099-3CE2600161E5}.Release|Any CPU.ActiveCfg = Release|Any CPU
		{17CBB864-C87E-4D12-9099-3CE2600161E5}.Release|Any CPU.Build.0 = Release|Any CPU
	EndGlobalSection
	GlobalSection(SolutionProperties) = preSolution
		HideSolutionNode = FALSE
	EndGlobalSection
	GlobalSection(ExtensibilityGlobals) = postSolution
		SolutionGuid = {8A349C88-6E6B-4A19-9ED6-B4E255E210A7}
	EndGlobalSection
EndGlobal
